
Microsoft Visual Studio Solution File, Format Version 12.00
# Visual Studio Version 17
VisualStudioVersion = 17.5.33516.290
MinimumVisualStudioVersion = 10.0.40219.1
Project("{8BC9CEB8-8B4A-11D0-8D11-00A0C91BC942}") = "Final_C++_Project", "Final_C++_Project.vcxproj", "{611A2D79-3964-417D-A5A9-C74A4C86ECA6}"
EndProject
Global
	GlobalSection(SolutionConfigurationPlatforms) = preSolution
		Debug|x64 = Debug|x64
		Debug|x86 = Debug|x86
		Release|x64 = Release|x64
		Release|x86 = Release|x86
	EndGlobalSection
	GlobalSection(ProjectConfigurationPlatforms) = postSolution
		{611A2D79-3964-417D-A5A9-C74A4C86ECA6}.Debug|x64.ActiveCfg = Debug|x64
		{611A2D79-3964-417D-A5A9-C74A4C86ECA6}.Debug|x64.Build.0 = Debug|x64
		{611A2D79-3964-417D-A5A9-C74A4C86ECA6}.Debug|x86.ActiveCfg = Debug|Win32
		{611A2D79-3964-417D-A5A9-C74A4C86ECA6}.Debug|x86.Build.0 = Debug|Win32
		{611A2D79-3964-417D-A5A9-C74A4C86ECA6}.Release|x64.ActiveCfg = Release|x64
		{611A2D79-3964-417D-A5A9-C74A4C86ECA6}.Release|x64.Build.0 = Release|x64
		{611A2D79-3964-417D-A5A9-C74A4C86ECA6}.Release|x86.ActiveCfg = Release|Win32
		{611A2D79-3964-417D-A5A9-C74A4C86ECA6}.Release|x86.Build.0 = Release|Win32
	EndGlobalSection
	GlobalSection(SolutionProperties) = preSolution
		HideSolutionNode = FALSE
	EndGlobalSection
	GlobalSection(ExtensibilityGlobals) = postSolution
		SolutionGuid = {8B863BB2-0B90-44CF-A119-84F3F6FC90D1}
	EndGlobalSection
EndGlobal
